// !$*UTF8*$!
{
	archiveVersion = 1;
	classes = {
	};
	objectVersion = 55;
	objects = {

/* Begin PBXBuildFile section */
		18B5DE5F294D1A8B00C97886 /* FructusApp.swift in Sources */ = {isa = PBXBuildFile; fileRef = 18B5DE5E294D1A8B00C97886 /* FructusApp.swift */; };
		18B5DE61294D1A8B00C97886 /* ContentView.swift in Sources */ = {isa = PBXBuildFile; fileRef = 18B5DE60294D1A8B00C97886 /* ContentView.swift */; };
		18B5DE63294D1A8D00C97886 /* Assets.xcassets in Resources */ = {isa = PBXBuildFile; fileRef = 18B5DE62294D1A8D00C97886 /* Assets.xcassets */; };
		18B5DE66294D1A8D00C97886 /* Preview Assets.xcassets in Resources */ = {isa = PBXBuildFile; fileRef = 18B5DE65294D1A8D00C97886 /* Preview Assets.xcassets */; };
		18B5DE6F294D20FE00C97886 /* FruitCardView.swift in Sources */ = {isa = PBXBuildFile; fileRef = 18B5DE6E294D20FE00C97886 /* FruitCardView.swift */; };
		18B5DE71294D262500C97886 /* StartButtonView.swift in Sources */ = {isa = PBXBuildFile; fileRef = 18B5DE70294D262500C97886 /* StartButtonView.swift */; };
		18B5DE73294D29DA00C97886 /* OnboardingView.swift in Sources */ = {isa = PBXBuildFile; fileRef = 18B5DE72294D29DA00C97886 /* OnboardingView.swift */; };
		18B5DE76294E229B00C97886 /* FruitModel.swift in Sources */ = {isa = PBXBuildFile; fileRef = 18B5DE75294E229B00C97886 /* FruitModel.swift */; };
		18B5DE79294E23B400C97886 /* FruitData.swift in Sources */ = {isa = PBXBuildFile; fileRef = 18B5DE78294E23B400C97886 /* FruitData.swift */; };
		18B5DE7B294E2B5B00C97886 /* FruitRowView.swift in Sources */ = {isa = PBXBuildFile; fileRef = 18B5DE7A294E2B5B00C97886 /* FruitRowView.swift */; };
		18B5DE7D294E3FD000C97886 /* FruitDetailView.swift in Sources */ = {isa = PBXBuildFile; fileRef = 18B5DE7C294E3FD000C97886 /* FruitDetailView.swift */; };
		18B5DE7F294E436E00C97886 /* FruitHeaderView.swift in Sources */ = {isa = PBXBuildFile; fileRef = 18B5DE7E294E436E00C97886 /* FruitHeaderView.swift */; };
		18B5DE81294E49D200C97886 /* SourceLinkView.swift in Sources */ = {isa = PBXBuildFile; fileRef = 18B5DE80294E49D200C97886 /* SourceLinkView.swift */; };
		18B5DE83294E5E4000C97886 /* FruitNutrientsView.swift in Sources */ = {isa = PBXBuildFile; fileRef = 18B5DE82294E5E4000C97886 /* FruitNutrientsView.swift */; };
		18B5DE85294E61D600C97886 /* SettingsView.swift in Sources */ = {isa = PBXBuildFile; fileRef = 18B5DE84294E61D600C97886 /* SettingsView.swift */; };
		18B5DE87294E676300C97886 /* SettingsLabelView.swift in Sources */ = {isa = PBXBuildFile; fileRef = 18B5DE86294E676300C97886 /* SettingsLabelView.swift */; };
/* End PBXBuildFile section */

/* Begin PBXFileReference section */
		18B5DE5B294D1A8B00C97886 /* Fructus.app */ = {isa = PBXFileReference; explicitFileType = wrapper.application; includeInIndex = 0; path = Fructus.app; sourceTree = BUILT_PRODUCTS_DIR; };
		18B5DE5E294D1A8B00C97886 /* FructusApp.swift */ = {isa = PBXFileReference; lastKnownFileType = sourcecode.swift; path = FructusApp.swift; sourceTree = "<group>"; };
		18B5DE60294D1A8B00C97886 /* ContentView.swift */ = {isa = PBXFileReference; lastKnownFileType = sourcecode.swift; path = ContentView.swift; sourceTree = "<group>"; };
		18B5DE62294D1A8D00C97886 /* Assets.xcassets */ = {isa = PBXFileReference; lastKnownFileType = folder.assetcatalog; path = Assets.xcassets; sourceTree = "<group>"; };
		18B5DE65294D1A8D00C97886 /* Preview Assets.xcassets */ = {isa = PBXFileReference; lastKnownFileType = folder.assetcatalog; path = "Preview Assets.xcassets"; sourceTree = "<group>"; };
		18B5DE6E294D20FE00C97886 /* FruitCardView.swift */ = {isa = PBXFileReference; lastKnownFileType = sourcecode.swift; path = FruitCardView.swift; sourceTree = "<group>"; };
		18B5DE70294D262500C97886 /* StartButtonView.swift */ = {isa = PBXFileReference; lastKnownFileType = sourcecode.swift; path = StartButtonView.swift; sourceTree = "<group>"; };
		18B5DE72294D29DA00C97886 /* OnboardingView.swift */ = {isa = PBXFileReference; lastKnownFileType = sourcecode.swift; path = OnboardingView.swift; sourceTree = "<group>"; };
		18B5DE75294E229B00C97886 /* FruitModel.swift */ = {isa = PBXFileReference; lastKnownFileType = sourcecode.swift; path = FruitModel.swift; sourceTree = "<group>"; };
		18B5DE78294E23B400C97886 /* FruitData.swift */ = {isa = PBXFileReference; lastKnownFileType = sourcecode.swift; path = FruitData.swift; sourceTree = "<group>"; };
		18B5DE7A294E2B5B00C97886 /* FruitRowView.swift */ = {isa = PBXFileReference; lastKnownFileType = sourcecode.swift; path = FruitRowView.swift; sourceTree = "<group>"; };
		18B5DE7C294E3FD000C97886 /* FruitDetailView.swift */ = {isa = PBXFileReference; lastKnownFileType = sourcecode.swift; path = FruitDetailView.swift; sourceTree = "<group>"; };
		18B5DE7E294E436E00C97886 /* FruitHeaderView.swift */ = {isa = PBXFileReference; lastKnownFileType = sourcecode.swift; path = FruitHeaderView.swift; sourceTree = "<group>"; };
		18B5DE80294E49D200C97886 /* SourceLinkView.swift */ = {isa = PBXFileReference; lastKnownFileType = sourcecode.swift; path = SourceLinkView.swift; sourceTree = "<group>"; };
		18B5DE82294E5E4000C97886 /* FruitNutrientsView.swift */ = {isa = PBXFileReference; lastKnownFileType = sourcecode.swift; path = FruitNutrientsView.swift; sourceTree = "<group>"; };
		18B5DE84294E61D600C97886 /* SettingsView.swift */ = {isa = PBXFileReference; lastKnownFileType = sourcecode.swift; path = SettingsView.swift; sourceTree = "<group>"; };
		18B5DE86294E676300C97886 /* SettingsLabelView.swift */ = {isa = PBXFileReference; lastKnownFileType = sourcecode.swift; path = SettingsLabelView.swift; sourceTree = "<group>"; };
/* End PBXFileReference section */

/* Begin PBXFrameworksBuildPhase section */
		18B5DE58294D1A8B00C97886 /* Frameworks */ = {
			isa = PBXFrameworksBuildPhase;
			buildActionMask = 2147483647;
			files = (
			);
			runOnlyForDeploymentPostprocessing = 0;
		};
/* End PBXFrameworksBuildPhase section */

/* Begin PBXGroup section */
		18B5DE52294D1A8B00C97886 = {
			isa = PBXGroup;
			children = (
				18B5DE5D294D1A8B00C97886 /* Fructus */,
				18B5DE5C294D1A8B00C97886 /* Products */,
			);
			sourceTree = "<group>";
		};
		18B5DE5C294D1A8B00C97886 /* Products */ = {
			isa = PBXGroup;
			children = (
				18B5DE5B294D1A8B00C97886 /* Fructus.app */,
			);
			name = Products;
			sourceTree = "<group>";
		};
		18B5DE5D294D1A8B00C97886 /* Fructus */ = {
			isa = PBXGroup;
			children = (
				18B5DE77294E239500C97886 /* Data */,
				18B5DE74294E227600C97886 /* Model */,
				18B5DE6D294D20C700C97886 /* View */,
				18B5DE6C294D207C00C97886 /* App */,
				18B5DE62294D1A8D00C97886 /* Assets.xcassets */,
				18B5DE64294D1A8D00C97886 /* Preview Content */,
			);
			path = Fructus;
			sourceTree = "<group>";
		};
		18B5DE64294D1A8D00C97886 /* Preview Content */ = {
			isa = PBXGroup;
			children = (
				18B5DE65294D1A8D00C97886 /* Preview Assets.xcassets */,
			);
			path = "Preview Content";
			sourceTree = "<group>";
		};
		18B5DE6C294D207C00C97886 /* App */ = {
			isa = PBXGroup;
			children = (
				18B5DE5E294D1A8B00C97886 /* FructusApp.swift */,
				18B5DE60294D1A8B00C97886 /* ContentView.swift */,
				18B5DE72294D29DA00C97886 /* OnboardingView.swift */,
				18B5DE7C294E3FD000C97886 /* FruitDetailView.swift */,
				18B5DE84294E61D600C97886 /* SettingsView.swift */,
			);
			path = App;
			sourceTree = "<group>";
		};
		18B5DE6D294D20C700C97886 /* View */ = {
			isa = PBXGroup;
			children = (
				18B5DE6E294D20FE00C97886 /* FruitCardView.swift */,
				18B5DE70294D262500C97886 /* StartButtonView.swift */,
				18B5DE7A294E2B5B00C97886 /* FruitRowView.swift */,
				18B5DE7E294E436E00C97886 /* FruitHeaderView.swift */,
				18B5DE80294E49D200C97886 /* SourceLinkView.swift */,
				18B5DE82294E5E4000C97886 /* FruitNutrientsView.swift */,
				18B5DE86294E676300C97886 /* SettingsLabelView.swift */,
			);
			path = View;
			sourceTree = "<group>";
		};
		18B5DE74294E227600C97886 /* Model */ = {
			isa = PBXGroup;
			children = (
				18B5DE75294E229B00C97886 /* FruitModel.swift */,
			);
			path = Model;
			sourceTree = "<group>";
		};
		18B5DE77294E239500C97886 /* Data */ = {
			isa = PBXGroup;
			children = (
				18B5DE78294E23B400C97886 /* FruitData.swift */,
			);
			path = Data;
			sourceTree = "<group>";
		};
/* End PBXGroup section */

/* Begin PBXNativeTarget section */
		18B5DE5A294D1A8B00C97886 /* Fructus */ = {
			isa = PBXNativeTarget;
			buildConfigurationList = 18B5DE69294D1A8D00C97886 /* Build configuration list for PBXNativeTarget "Fructus" */;
			buildPhases = (
				18B5DE57294D1A8B00C97886 /* Sources */,
				18B5DE58294D1A8B00C97886 /* Frameworks */,
				18B5DE59294D1A8B00C97886 /* Resources */,
			);
			buildRules = (
			);
			dependencies = (
			);
			name = Fructus;
			productName = Fructus;
			productReference = 18B5DE5B294D1A8B00C97886 /* Fructus.app */;
			productType = "com.apple.product-type.application";
		};
/* End PBXNativeTarget section */

/* Begin PBXProject section */
		18B5DE53294D1A8B00C97886 /* Project object */ = {
			isa = PBXProject;
			attributes = {
				BuildIndependentTargetsInParallel = 1;
				LastSwiftUpdateCheck = 1340;
				LastUpgradeCheck = 1340;
				TargetAttributes = {
					18B5DE5A294D1A8B00C97886 = {
						CreatedOnToolsVersion = 13.4.1;
					};
				};
			};
			buildConfigurationList = 18B5DE56294D1A8B00C97886 /* Build configuration list for PBXProject "Fructus" */;
			compatibilityVersion = "Xcode 13.0";
			developmentRegion = en;
			hasScannedForEncodings = 0;
			knownRegions = (
				en,
				Base,
			);
			mainGroup = 18B5DE52294D1A8B00C97886;
			productRefGroup = 18B5DE5C294D1A8B00C97886 /* Products */;
			projectDirPath = "";
			projectRoot = "";
			targets = (
				18B5DE5A294D1A8B00C97886 /* Fructus */,
			);
		};
/* End PBXProject section */

/* Begin PBXResourcesBuildPhase section */
		18B5DE59294D1A8B00C97886 /* Resources */ = {
			isa = PBXResourcesBuildPhase;
			buildActionMask = 2147483647;
			files = (
				18B5DE66294D1A8D00C97886 /* Preview Assets.xcassets in Resources */,
				18B5DE63294D1A8D00C97886 /* Assets.xcassets in Resources */,
			);
			runOnlyForDeploymentPostprocessing = 0;
		};
/* End PBXResourcesBuildPhase section */

/* Begin PBXSourcesBuildPhase section */
		18B5DE57294D1A8B00C97886 /* Sources */ = {
			isa = PBXSourcesBuildPhase;
			buildActionMask = 2147483647;
			files = (
				18B5DE79294E23B400C97886 /* FruitData.swift in Sources */,
				18B5DE81294E49D200C97886 /* SourceLinkView.swift in Sources */,
				18B5DE6F294D20FE00C97886 /* FruitCardView.swift in Sources */,
				18B5DE7B294E2B5B00C97886 /* FruitRowView.swift in Sources */,
				18B5DE83294E5E4000C97886 /* FruitNutrientsView.swift in Sources */,
				18B5DE71294D262500C97886 /* StartButtonView.swift in Sources */,
				18B5DE7D294E3FD000C97886 /* FruitDetailView.swift in Sources */,
				18B5DE61294D1A8B00C97886 /* ContentView.swift in Sources */,
				18B5DE7F294E436E00C97886 /* FruitHeaderView.swift in Sources */,
				18B5DE73294D29DA00C97886 /* OnboardingView.swift in Sources */,
				18B5DE87294E676300C97886 /* SettingsLabelView.swift in Sources */,
				18B5DE76294E229B00C97886 /* FruitModel.swift in Sources */,
				18B5DE5F294D1A8B00C97886 /* FructusApp.swift in Sources */,
				18B5DE85294E61D600C97886 /* SettingsView.swift in Sources */,
			);
			runOnlyForDeploymentPostprocessing = 0;
		};
/* End PBXSourcesBuildPhase section */

/* Begin XCBuildConfiguration section */
		18B5DE67294D1A8D00C97886 /* Debug */ = {
			isa = XCBuildConfiguration;
			buildSettings = {
				ALWAYS_SEARCH_USER_PATHS = NO;
				CLANG_ANALYZER_NONNULL = YES;
				CLANG_ANALYZER_NUMBER_OBJECT_CONVERSION = YES_AGGRESSIVE;
				CLANG_CXX_LANGUAGE_STANDARD = "gnu++17";
				CLANG_ENABLE_MODULES = YES;
				CLANG_ENABLE_OBJC_ARC = YES;
				CLANG_ENABLE_OBJC_WEAK = YES;
				CLANG_WARN_BLOCK_CAPTURE_AUTORELEASING = YES;
				CLANG_WARN_BOOL_CONVERSION = YES;
				CLANG_WARN_COMMA = YES;
				CLANG_WARN_CONSTANT_CONVERSION = YES;
				CLANG_WARN_DEPRECATED_OBJC_IMPLEMENTATIONS = YES;
				CLANG_WARN_DIRECT_OBJC_ISA_USAGE = YES_ERROR;
				CLANG_WARN_DOCUMENTATION_COMMENTS = YES;
				CLANG_WARN_EMPTY_BODY = YES;
				CLANG_WARN_ENUM_CONVERSION = YES;
				CLANG_WARN_INFINITE_RECURSION = YES;
				CLANG_WARN_INT_CONVERSION = YES;
				CLANG_WARN_NON_LITERAL_NULL_CONVERSION = YES;
				CLANG_WARN_OBJC_IMPLICIT_RETAIN_SELF = YES;
				CLANG_WARN_OBJC_LITERAL_CONVERSION = YES;
				CLANG_WARN_OBJC_ROOT_CLASS = YES_ERROR;
				CLANG_WARN_QUOTED_INCLUDE_IN_FRAMEWORK_HEADER = YES;
				CLANG_WARN_RANGE_LOOP_ANALYSIS = YES;
				CLANG_WARN_STRICT_PROTOTYPES = YES;
				CLANG_WARN_SUSPICIOUS_MOVE = YES;
				CLANG_WARN_UNGUARDED_AVAILABILITY = YES_AGGRESSIVE;
				CLANG_WARN_UNREACHABLE_CODE = YES;
				CLANG_WARN__DUPLICATE_METHOD_MATCH = YES;
				COPY_PHASE_STRIP = NO;
				DEBUG_INFORMATION_FORMAT = dwarf;
				ENABLE_STRICT_OBJC_MSGSEND = YES;
				ENABLE_TESTABILITY = YES;
				GCC_C_LANGUAGE_STANDARD = gnu11;
				GCC_DYNAMIC_NO_PIC = NO;
				GCC_NO_COMMON_BLOCKS = YES;
				GCC_OPTIMIZATION_LEVEL = 0;
				GCC_PREPROCESSOR_DEFINITIONS = (
					"DEBUG=1",
					"$(inherited)",
				);
				GCC_WARN_64_TO_32_BIT_CONVERSION = YES;
				GCC_WARN_ABOUT_RETURN_TYPE = YES_ERROR;
				GCC_WARN_UNDECLARED_SELECTOR = YES;
				GCC_WARN_UNINITIALIZED_AUTOS = YES_AGGRESSIVE;
				GCC_WARN_UNUSED_FUNCTION = YES;
				GCC_WARN_UNUSED_VARIABLE = YES;
				IPHONEOS_DEPLOYMENT_TARGET = 15.5;
				MTL_ENABLE_DEBUG_INFO = INCLUDE_SOURCE;
				MTL_FAST_MATH = YES;
				ONLY_ACTIVE_ARCH = YES;
				SDKROOT = iphoneos;
				SWIFT_ACTIVE_COMPILATION_CONDITIONS = DEBUG;
				SWIFT_OPTIMIZATION_LEVEL = "-Onone";
			};
			name = Debug;
		};
		18B5DE68294D1A8D00C97886 /* Release */ = {
			isa = XCBuildConfiguration;
			buildSettings = {
				ALWAYS_SEARCH_USER_PATHS = NO;
				CLANG_ANALYZER_NONNULL = YES;
				CLANG_ANALYZER_NUMBER_OBJECT_CONVERSION = YES_AGGRESSIVE;
				CLANG_CXX_LANGUAGE_STANDARD = "gnu++17";
				CLANG_ENABLE_MODULES = YES;
				CLANG_ENABLE_OBJC_ARC = YES;
				CLANG_ENABLE_OBJC_WEAK = YES;
				CLANG_WARN_BLOCK_CAPTURE_AUTORELEASING = YES;
				CLANG_WARN_BOOL_CONVERSION = YES;
				CLANG_WARN_COMMA = YES;
				CLANG_WARN_CONSTANT_CONVERSION = YES;
				CLANG_WARN_DEPRECATED_OBJC_IMPLEMENTATIONS = YES;
				CLANG_WARN_DIRECT_OBJC_ISA_USAGE = YES_ERROR;
				CLANG_WARN_DOCUMENTATION_COMMENTS = YES;
				CLANG_WARN_EMPTY_BODY = YES;
				CLANG_WARN_ENUM_CONVERSION = YES;
				CLANG_WARN_INFINITE_RECURSION = YES;
				CLANG_WARN_INT_CONVERSION = YES;
				CLANG_WARN_NON_LITERAL_NULL_CONVERSION = YES;
				CLANG_WARN_OBJC_IMPLICIT_RETAIN_SELF = YES;
				CLANG_WARN_OBJC_LITERAL_CONVERSION = YES;
				CLANG_WARN_OBJC_ROOT_CLASS = YES_ERROR;
				CLANG_WARN_QUOTED_INCLUDE_IN_FRAMEWORK_HEADER = YES;
				CLANG_WARN_RANGE_LOOP_ANALYSIS = YES;
				CLANG_WARN_STRICT_PROTOTYPES = YES;
				CLANG_WARN_SUSPICIOUS_MOVE = YES;
				CLANG_WARN_UNGUARDED_AVAILABILITY = YES_AGGRESSIVE;
				CLANG_WARN_UNREACHABLE_CODE = YES;
				CLANG_WARN__DUPLICATE_METHOD_MATCH = YES;
				COPY_PHASE_STRIP = NO;
				DEBUG_INFORMATION_FORMAT = "dwarf-with-dsym";
				ENABLE_NS_ASSERTIONS = NO;
				ENABLE_STRICT_OBJC_MSGSEND = YES;
				GCC_C_LANGUAGE_STANDARD = gnu11;
				GCC_NO_COMMON_BLOCKS = YES;
				GCC_WARN_64_TO_32_BIT_CONVERSION = YES;
				GCC_WARN_ABOUT_RETURN_TYPE = YES_ERROR;
				GCC_WARN_UNDECLARED_SELECTOR = YES;
				GCC_WARN_UNINITIALIZED_AUTOS = YES_AGGRESSIVE;
				GCC_WARN_UNUSED_FUNCTION = YES;
				GCC_WARN_UNUSED_VARIABLE = YES;
				IPHONEOS_DEPLOYMENT_TARGET = 15.5;
				MTL_ENABLE_DEBUG_INFO = NO;
				MTL_FAST_MATH = YES;
				SDKROOT = iphoneos;
				SWIFT_COMPILATION_MODE = wholemodule;
				SWIFT_OPTIMIZATION_LEVEL = "-O";
				VALIDATE_PRODUCT = YES;
			};
			name = Release;
		};
		18B5DE6A294D1A8D00C97886 /* Debug */ = {
			isa = XCBuildConfiguration;
			buildSettings = {
				ASSETCATALOG_COMPILER_APPICON_NAME = AppIcon;
				ASSETCATALOG_COMPILER_GLOBAL_ACCENT_COLOR_NAME = AccentColor;
				CODE_SIGN_STYLE = Automatic;
				CURRENT_PROJECT_VERSION = 1;
				DEVELOPMENT_ASSET_PATHS = "\"Fructus/Preview Content\"";
				DEVELOPMENT_TEAM = CM9GT8F58V;
				ENABLE_PREVIEWS = YES;
				GENERATE_INFOPLIST_FILE = YES;
				INFOPLIST_KEY_UIApplicationSceneManifest_Generation = YES;
				INFOPLIST_KEY_UIApplicationSupportsIndirectInputEvents = YES;
				INFOPLIST_KEY_UILaunchScreen_Generation = YES;
				INFOPLIST_KEY_UISupportedInterfaceOrientations = UIInterfaceOrientationPortrait;
				INFOPLIST_KEY_UISupportedInterfaceOrientations_iPad = "UIInterfaceOrientationPortrait UIInterfaceOrientationPortraitUpsideDown UIInterfaceOrientationLandscapeLeft UIInterfaceOrientationLandscapeRight";
				INFOPLIST_KEY_UISupportedInterfaceOrientations_iPhone = "UIInterfaceOrientationPortrait UIInterfaceOrientationLandscapeLeft UIInterfaceOrientationLandscapeRight";
				LD_RUNPATH_SEARCH_PATHS = (
					"$(inherited)",
					"@executable_path/Frameworks",
				);
				MARKETING_VERSION = 1.0;
				PRODUCT_BUNDLE_IDENTIFIER = com.shekshuev.Fructus;
				PRODUCT_NAME = "$(TARGET_NAME)";
				SWIFT_EMIT_LOC_STRINGS = YES;
				SWIFT_VERSION = 5.0;
				TARGETED_DEVICE_FAMILY = "1,2";
			};
			name = Debug;
		};
		18B5DE6B294D1A8D00C97886 /* Release */ = {
			isa = XCBuildConfiguration;
			buildSettings = {
				ASSETCATALOG_COMPILER_APPICON_NAME = AppIcon;
				ASSETCATALOG_COMPILER_GLOBAL_ACCENT_COLOR_NAME = AccentColor;
				CODE_SIGN_STYLE = Automatic;
				CURRENT_PROJECT_VERSION = 1;
				DEVELOPMENT_ASSET_PATHS = "\"Fructus/Preview Content\"";
				DEVELOPMENT_TEAM = CM9GT8F58V;
				ENABLE_PREVIEWS = YES;
				GENERATE_INFOPLIST_FILE = YES;
				INFOPLIST_KEY_UIApplicationSceneManifest_Generation = YES;
				INFOPLIST_KEY_UIApplicationSupportsIndirectInputEvents = YES;
				INFOPLIST_KEY_UILaunchScreen_Generation = YES;
				INFOPLIST_KEY_UISupportedInterfaceOrientations = UIInterfaceOrientationPortrait;
				INFOPLIST_KEY_UISupportedInterfaceOrientations_iPad = "UIInterfaceOrientationPortrait UIInterfaceOrientationPortraitUpsideDown UIInterfaceOrientationLandscapeLeft UIInterfaceOrientationLandscapeRight";
				INFOPLIST_KEY_UISupportedInterfaceOrientations_iPhone = "UIInterfaceOrientationPortrait UIInterfaceOrientationLandscapeLeft UIInterfaceOrientationLandscapeRight";
				LD_RUNPATH_SEARCH_PATHS = (
					"$(inherited)",
					"@executable_path/Frameworks",
				);
				MARKETING_VERSION = 1.0;
				PRODUCT_BUNDLE_IDENTIFIER = com.shekshuev.Fructus;
				PRODUCT_NAME = "$(TARGET_NAME)";
				SWIFT_EMIT_LOC_STRINGS = YES;
				SWIFT_VERSION = 5.0;
				TARGETED_DEVICE_FAMILY = "1,2";
			};
			name = Release;
		};
/* End XCBuildConfiguration section */

/* Begin XCConfigurationList section */
		18B5DE56294D1A8B00C97886 /* Build configuration list for PBXProject "Fructus" */ = {
			isa = XCConfigurationList;
			buildConfigurations = (
				18B5DE67294D1A8D00C97886 /* Debug */,
				18B5DE68294D1A8D00C97886 /* Release */,
			);
			defaultConfigurationIsVisible = 0;
			defaultConfigurationName = Release;
		};
		18B5DE69294D1A8D00C97886 /* Build configuration list for PBXNativeTarget "Fructus" */ = {
			isa = XCConfigurationList;
			buildConfigurations = (
				18B5DE6A294D1A8D00C97886 /* Debug */,
				18B5DE6B294D1A8D00C97886 /* Release */,
			);
			defaultConfigurationIsVisible = 0;
			defaultConfigurationName = Release;
		};
/* End XCConfigurationList section */
	};
	rootObject = 18B5DE53294D1A8B00C97886 /* Project object */;
}
